<?xml version="1.0" encoding="utf-8"?>
<Project ToolsVersion="4.0" xmlns="http://schemas.microsoft.com/developer/msbuild/2003">
  <ItemGroup>
    <Filter Include="main">
      <UniqueIdentifier>{6A7F9A7C-56B6-9B0D-FFA2-8110EBB8170F}</UniqueIdentifier>
    </Filter>
  </ItemGroup>
  <ItemGroup>
    <ClInclude Include="src\Gomas.h" />
    <ClInclude Include="src\main\Core\Application.h">
      <Filter>main</Filter>
    </ClInclude>
    <ClInclude Include="src\main\Core\Base.h">
      <Filter>main</Filter>
    </ClInclude>
    <ClInclude Include="src\main\Core\EntryPoint.h">
      <Filter>main</Filter>
    </ClInclude>
    <ClInclude Include="src\main\Core\Logging\Log.h">
      <Filter>main</Filter>
    </ClInclude>
    <ClInclude Include="src\main\Events\ApplicationEvent.h" />
    <ClInclude Include="src\main\Events\Event.h" />
    <ClInclude Include="src\main\Events\KeyEvent.h" />
    <ClInclude Include="src\main\Events\MouseEvent.h" />
    <ClInclude Include="src\main\Core\KeyCodes.h" />
    <ClInclude Include="src\main\Core\MouseCodes.h" />
    <ClInclude Include="src\main\Core\Logging\FileLogger.h" />
  </ItemGroup>
  <ItemGroup>
    <ClCompile Include="src\main\Core\Application.cpp">
      <Filter>main</Filter>
    </ClCompile>
    <ClCompile Include="src\main\Core\Logging\Log.cpp">
      <Filter>main</Filter>
    </ClCompile>
    <ClCompile Include="src\main\Core\Logging\FileLogger.cpp" />
  </ItemGroup>
</Project>