<?xml version="1.0" encoding="utf-8"?>
<Project ToolsVersion="4.0" xmlns="http://schemas.microsoft.com/developer/msbuild/2003">
  <ItemGroup>
    <Filter Include="main">
      <UniqueIdentifier>{6A7F9A7C-56B6-9B0D-FFA2-8110EBB8170F}</UniqueIdentifier>
    </Filter>
    <Filter Include="main\Core">
      <UniqueIdentifier>{02D6BDA6-6E40-721D-B77E-23C323285072}</UniqueIdentifier>
    </Filter>
    <Filter Include="main\Core\Logging">
      <UniqueIdentifier>{9898FB47-04AF-F9DD-4D26-85FFB97BCA65}</UniqueIdentifier>
    </Filter>
    <Filter Include="main\Events">
      <UniqueIdentifier>{0E70AD52-7A25-2648-031A-201F6FCE1C4C}</UniqueIdentifier>
    </Filter>
    <Filter Include="main\Window">
      <UniqueIdentifier>{11D1C37B-7D86-3C71-067B-3648722F3375}</UniqueIdentifier>
    </Filter>
    <Filter Include="main\Window\GLFW">
      <UniqueIdentifier>{F0DEF0FE-DCD7-0F51-050A-F5D5F161EF5C}</UniqueIdentifier>
    </Filter>
  </ItemGroup>
  <ItemGroup>
    <ClInclude Include="src\Gomas.h" />
    <ClInclude Include="src\main\Core\Application.h">
      <Filter>main\Core</Filter>
    </ClInclude>
    <ClInclude Include="src\main\Core\Base.h">
      <Filter>main\Core</Filter>
    </ClInclude>
    <ClInclude Include="src\main\Core\EntryPoint.h">
      <Filter>main\Core</Filter>
    </ClInclude>
    <ClInclude Include="src\main\Core\KeyCodes.h">
      <Filter>main\Core</Filter>
    </ClInclude>
    <ClInclude Include="src\main\Core\Logging\Log.h">
      <Filter>main\Core\Logging</Filter>
    </ClInclude>
    <ClInclude Include="src\main\Core\MouseCodes.h">
      <Filter>main\Core</Filter>
    </ClInclude>
    <ClInclude Include="src\main\Events\ApplicationEvent.h">
      <Filter>main\Events</Filter>
    </ClInclude>
    <ClInclude Include="src\main\Events\Event.h">
      <Filter>main\Events</Filter>
    </ClInclude>
    <ClInclude Include="src\main\Events\KeyEvent.h">
      <Filter>main\Events</Filter>
    </ClInclude>
    <ClInclude Include="src\main\Events\MouseEvent.h">
      <Filter>main\Events</Filter>
    </ClInclude>
    <ClInclude Include="src\main\Window\GLFW\GLFWWindow.h">
      <Filter>main\Window\GLFW</Filter>
    </ClInclude>
    <ClInclude Include="src\main\Window\Window.h">
      <Filter>main\Window</Filter>
    </ClInclude>
    <ClInclude Include="src\main\tinyrenderer\tgaimage.h" />
  </ItemGroup>
  <ItemGroup>
    <ClCompile Include="src\main\Core\Application.cpp">
      <Filter>main\Core</Filter>
    </ClCompile>
    <ClCompile Include="src\main\Core\Logging\Log.cpp">
      <Filter>main\Core\Logging</Filter>
    </ClCompile>
    <ClCompile Include="src\main\Window\GLFW\GLFWWindow.cpp">
      <Filter>main\Window\GLFW</Filter>
    </ClCompile>
    <ClCompile Include="src\main\tinyrenderer\main.cpp" />
    <ClCompile Include="src\main\tinyrenderer\tgaimage.cpp" />
  </ItemGroup>
  <ItemGroup>
    <None Include="src\main\tinyrenderer\Makefile" />
  </ItemGroup>
</Project>